
Microsoft Visual Studio Solution File, Format Version 12.00
# Visual Studio Version 16
VisualStudioVersion = 16.0.31515.178
MinimumVisualStudioVersion = 10.0.40219.1
Project("{FAE04EC0-301F-11D3-BF4B-00C04F79EFBC}") = "HealOnHit", "HealOnHit.csproj", "{CDA94E40-3CEF-4CCD-B21B-A95D3D8D4F21}"
EndProject
Global
	GlobalSection(SolutionConfigurationPlatforms) = preSolution
		Debug|Any CPU = Debug|Any CPU
		Release|Any CPU = Release|Any CPU
	EndGlobalSection
	GlobalSection(ProjectConfigurationPlatforms) = postSolution
		{CDA94E40-3CEF-4CCD-B21B-A95D3D8D4F21}.Debug|Any CPU.ActiveCfg = Debug|Any CPU
		{CDA94E40-3CEF-4CCD-B21B-A95D3D8D4F21}.Debug|Any CPU.Build.0 = Debug|Any CPU
		{CDA94E40-3CEF-4CCD-B21B-A95D3D8D4F21}.Release|Any CPU.ActiveCfg = Release|Any CPU
		{CDA94E40-3CEF-4CCD-B21B-A95D3D8D4F21}.Release|Any CPU.Build.0 = Release|Any CPU
	EndGlobalSection
	GlobalSection(SolutionProperties) = preSolution
		HideSolutionNode = FALSE
	EndGlobalSection
	GlobalSection(ExtensibilityGlobals) = postSolution
		SolutionGuid = {C41FCEC8-4BAA-4EEC-AA41-4EEA16A76F5A}
	EndGlobalSection
EndGlobal
